
Microsoft Visual Studio Solution File, Format Version 12.00
# Visual Studio Version 17
VisualStudioVersion = 17.14.36127.28 d17.14
MinimumVisualStudioVersion = 10.0.40219.1
Project("{FAE04EC0-301F-11D3-BF4B-00C04F79EFBC}") = "PopQuizApi", "PopQuizApi\PopQuizApi.csproj", "{01008A6B-6132-4F00-94E4-D96D4A99B92F}"
EndProject
Global
	GlobalSection(SolutionConfigurationPlatforms) = preSolution
		Debug|Any CPU = Debug|Any CPU
		Release|Any CPU = Release|Any CPU
	EndGlobalSection
	GlobalSection(ProjectConfigurationPlatforms) = postSolution
		{01008A6B-6132-4F00-94E4-D96D4A99B92F}.Debug|Any CPU.ActiveCfg = Debug|Any CPU
		{01008A6B-6132-4F00-94E4-D96D4A99B92F}.Debug|Any CPU.Build.0 = Debug|Any CPU
		{01008A6B-6132-4F00-94E4-D96D4A99B92F}.Release|Any CPU.ActiveCfg = Release|Any CPU
		{01008A6B-6132-4F00-94E4-D96D4A99B92F}.Release|Any CPU.Build.0 = Release|Any CPU
	EndGlobalSection
	GlobalSection(SolutionProperties) = preSolution
		HideSolutionNode = FALSE
	EndGlobalSection
	GlobalSection(ExtensibilityGlobals) = postSolution
		SolutionGuid = {0D71987D-6960-4772-9CCB-71154FABC22A}
	EndGlobalSection
EndGlobal
